// !$*UTF8*$!
{
	archiveVersion = 1;
	classes = {
	};
	objectVersion = 46;
	objects = {

/* Begin PBXBuildFile section */
		81A0E71D1C33C87B00E7884A /* AppDelegate.swift in Sources */ = {isa = PBXBuildFile; fileRef = 81A0E71C1C33C87B00E7884A /* AppDelegate.swift */; };
		81A0E71F1C33C87B00E7884A /* ViewController.swift in Sources */ = {isa = PBXBuildFile; fileRef = 81A0E71E1C33C87B00E7884A /* ViewController.swift */; };
		81A0E7221C33C87B00E7884A /* Main.storyboard in Resources */ = {isa = PBXBuildFile; fileRef = 81A0E7201C33C87B00E7884A /* Main.storyboard */; };
		81A0E7251C33C87B00E7884A /* iOSCoreDataSample.xcdatamodeld in Sources */ = {isa = PBXBuildFile; fileRef = 81A0E7231C33C87B00E7884A /* iOSCoreDataSample.xcdatamodeld */; };
		81A0E7271C33C87B00E7884A /* Assets.xcassets in Resources */ = {isa = PBXBuildFile; fileRef = 81A0E7261C33C87B00E7884A /* Assets.xcassets */; };
		81A0E7351C33C87B00E7884A /* iOSCoreDataSampleTests.swift in Sources */ = {isa = PBXBuildFile; fileRef = 81A0E7341C33C87B00E7884A /* iOSCoreDataSampleTests.swift */; };
		81A0E7401C33C87B00E7884A /* iOSCoreDataSampleUITests.swift in Sources */ = {isa = PBXBuildFile; fileRef = 81A0E73F1C33C87B00E7884A /* iOSCoreDataSampleUITests.swift */; };
/* End PBXBuildFile section */

/* Begin PBXContainerItemProxy section */
		81A0E7311C33C87B00E7884A /* PBXContainerItemProxy */ = {
			isa = PBXContainerItemProxy;
			containerPortal = 81A0E7111C33C87B00E7884A /* Project object */;
			proxyType = 1;
			remoteGlobalIDString = 81A0E7181C33C87B00E7884A;
			remoteInfo = iOSCoreDataSample;
		};
		81A0E73C1C33C87B00E7884A /* PBXContainerItemProxy */ = {
			isa = PBXContainerItemProxy;
			containerPortal = 81A0E7111C33C87B00E7884A /* Project object */;
			proxyType = 1;
			remoteGlobalIDString = 81A0E7181C33C87B00E7884A;
			remoteInfo = iOSCoreDataSample;
		};
/* End PBXContainerItemProxy section */

/* Begin PBXFileReference section */
		81A0E7191C33C87B00E7884A /* iOSCoreDataSample.app */ = {isa = PBXFileReference; explicitFileType = wrapper.application; includeInIndex = 0; path = iOSCoreDataSample.app; sourceTree = BUILT_PRODUCTS_DIR; };
		81A0E71C1C33C87B00E7884A /* AppDelegate.swift */ = {isa = PBXFileReference; lastKnownFileType = sourcecode.swift; path = AppDelegate.swift; sourceTree = "<group>"; };
		81A0E71E1C33C87B00E7884A /* ViewController.swift */ = {isa = PBXFileReference; lastKnownFileType = sourcecode.swift; path = ViewController.swift; sourceTree = "<group>"; };
		81A0E7211C33C87B00E7884A /* Base */ = {isa = PBXFileReference; lastKnownFileType = file.storyboard; name = Base; path = Base.lproj/Main.storyboard; sourceTree = "<group>"; };
		81A0E7241C33C87B00E7884A /* iOSCoreDataSample.xcdatamodel */ = {isa = PBXFileReference; lastKnownFileType = wrapper.xcdatamodel; path = iOSCoreDataSample.xcdatamodel; sourceTree = "<group>"; };
		81A0E7261C33C87B00E7884A /* Assets.xcassets */ = {isa = PBXFileReference; lastKnownFileType = folder.assetcatalog; path = Assets.xcassets; sourceTree = "<group>"; };
		81A0E72B1C33C87B00E7884A /* Info.plist */ = {isa = PBXFileReference; lastKnownFileType = text.plist.xml; path = Info.plist; sourceTree = "<group>"; };
		81A0E7301C33C87B00E7884A /* iOSCoreDataSampleTests.xctest */ = {isa = PBXFileReference; explicitFileType = wrapper.cfbundle; includeInIndex = 0; path = iOSCoreDataSampleTests.xctest; sourceTree = BUILT_PRODUCTS_DIR; };
		81A0E7341C33C87B00E7884A /* iOSCoreDataSampleTests.swift */ = {isa = PBXFileReference; lastKnownFileType = sourcecode.swift; path = iOSCoreDataSampleTests.swift; sourceTree = "<group>"; };
		81A0E7361C33C87B00E7884A /* Info.plist */ = {isa = PBXFileReference; lastKnownFileType = text.plist.xml; path = Info.plist; sourceTree = "<group>"; };
		81A0E73B1C33C87B00E7884A /* iOSCoreDataSampleUITests.xctest */ = {isa = PBXFileReference; explicitFileType = wrapper.cfbundle; includeInIndex = 0; path = iOSCoreDataSampleUITests.xctest; sourceTree = BUILT_PRODUCTS_DIR; };
		81A0E73F1C33C87B00E7884A /* iOSCoreDataSampleUITests.swift */ = {isa = PBXFileReference; lastKnownFileType = sourcecode.swift; path = iOSCoreDataSampleUITests.swift; sourceTree = "<group>"; };
		81A0E7411C33C87B00E7884A /* Info.plist */ = {isa = PBXFileReference; lastKnownFileType = text.plist.xml; path = Info.plist; sourceTree = "<group>"; };
/* End PBXFileReference section */

/* Begin PBXFrameworksBuildPhase section */
		81A0E7161C33C87B00E7884A /* Frameworks */ = {
			isa = PBXFrameworksBuildPhase;
			buildActionMask = 2147483647;
			files = (
			);
			runOnlyForDeploymentPostprocessing = 0;
		};
		81A0E72D1C33C87B00E7884A /* Frameworks */ = {
			isa = PBXFrameworksBuildPhase;
			buildActionMask = 2147483647;
			files = (
			);
			runOnlyForDeploymentPostprocessing = 0;
		};
		81A0E7381C33C87B00E7884A /* Frameworks */ = {
			isa = PBXFrameworksBuildPhase;
			buildActionMask = 2147483647;
			files = (
			);
			runOnlyForDeploymentPostprocessing = 0;
		};
/* End PBXFrameworksBuildPhase section */

/* Begin PBXGroup section */
		81A0E7101C33C87B00E7884A = {
			isa = PBXGroup;
			children = (
				81A0E71B1C33C87B00E7884A /* iOSCoreDataSample */,
				81A0E7331C33C87B00E7884A /* iOSCoreDataSampleTests */,
				81A0E73E1C33C87B00E7884A /* iOSCoreDataSampleUITests */,
				81A0E71A1C33C87B00E7884A /* Products */,
			);
			sourceTree = "<group>";
		};
		81A0E71A1C33C87B00E7884A /* Products */ = {
			isa = PBXGroup;
			children = (
				81A0E7191C33C87B00E7884A /* iOSCoreDataSample.app */,
				81A0E7301C33C87B00E7884A /* iOSCoreDataSampleTests.xctest */,
				81A0E73B1C33C87B00E7884A /* iOSCoreDataSampleUITests.xctest */,
			);
			name = Products;
			sourceTree = "<group>";
		};
		81A0E71B1C33C87B00E7884A /* iOSCoreDataSample */ = {
			isa = PBXGroup;
			children = (
				81A0E71C1C33C87B00E7884A /* AppDelegate.swift */,
				81A0E71E1C33C87B00E7884A /* ViewController.swift */,
				81A0E7201C33C87B00E7884A /* Main.storyboard */,
				81A0E7261C33C87B00E7884A /* Assets.xcassets */,
				81A0E72B1C33C87B00E7884A /* Info.plist */,
				81A0E7231C33C87B00E7884A /* iOSCoreDataSample.xcdatamodeld */,
			);
			path = iOSCoreDataSample;
			sourceTree = "<group>";
		};
		81A0E7331C33C87B00E7884A /* iOSCoreDataSampleTests */ = {
			isa = PBXGroup;
			children = (
				81A0E7341C33C87B00E7884A /* iOSCoreDataSampleTests.swift */,
				81A0E7361C33C87B00E7884A /* Info.plist */,
			);
			path = iOSCoreDataSampleTests;
			sourceTree = "<group>";
		};
		81A0E73E1C33C87B00E7884A /* iOSCoreDataSampleUITests */ = {
			isa = PBXGroup;
			children = (
				81A0E73F1C33C87B00E7884A /* iOSCoreDataSampleUITests.swift */,
				81A0E7411C33C87B00E7884A /* Info.plist */,
			);
			path = iOSCoreDataSampleUITests;
			sourceTree = "<group>";
		};
/* End PBXGroup section */

/* Begin PBXNativeTarget section */
		81A0E7181C33C87B00E7884A /* iOSCoreDataSample */ = {
			isa = PBXNativeTarget;
			buildConfigurationList = 81A0E7441C33C87B00E7884A /* Build configuration list for PBXNativeTarget "iOSCoreDataSample" */;
			buildPhases = (
				81A0E7151C33C87B00E7884A /* Sources */,
				81A0E7161C33C87B00E7884A /* Frameworks */,
				81A0E7171C33C87B00E7884A /* Resources */,
			);
			buildRules = (
			);
			dependencies = (
			);
			name = iOSCoreDataSample;
			productName = iOSCoreDataSample;
			productReference = 81A0E7191C33C87B00E7884A /* iOSCoreDataSample.app */;
			productType = "com.apple.product-type.application";
		};
		81A0E72F1C33C87B00E7884A /* iOSCoreDataSampleTests */ = {
			isa = PBXNativeTarget;
			buildConfigurationList = 81A0E7471C33C87B00E7884A /* Build configuration list for PBXNativeTarget "iOSCoreDataSampleTests" */;
			buildPhases = (
				81A0E72C1C33C87B00E7884A /* Sources */,
				81A0E72D1C33C87B00E7884A /* Frameworks */,
				81A0E72E1C33C87B00E7884A /* Resources */,
			);
			buildRules = (
			);
			dependencies = (
				81A0E7321C33C87B00E7884A /* PBXTargetDependency */,
			);
			name = iOSCoreDataSampleTests;
			productName = iOSCoreDataSampleTests;
			productReference = 81A0E7301C33C87B00E7884A /* iOSCoreDataSampleTests.xctest */;
			productType = "com.apple.product-type.bundle.unit-test";
		};
		81A0E73A1C33C87B00E7884A /* iOSCoreDataSampleUITests */ = {
			isa = PBXNativeTarget;
			buildConfigurationList = 81A0E74A1C33C87B00E7884A /* Build configuration list for PBXNativeTarget "iOSCoreDataSampleUITests" */;
			buildPhases = (
				81A0E7371C33C87B00E7884A /* Sources */,
				81A0E7381C33C87B00E7884A /* Frameworks */,
				81A0E7391C33C87B00E7884A /* Resources */,
			);
			buildRules = (
			);
			dependencies = (
				81A0E73D1C33C87B00E7884A /* PBXTargetDependency */,
			);
			name = iOSCoreDataSampleUITests;
			productName = iOSCoreDataSampleUITests;
			productReference = 81A0E73B1C33C87B00E7884A /* iOSCoreDataSampleUITests.xctest */;
			productType = "com.apple.product-type.bundle.ui-testing";
		};
/* End PBXNativeTarget section */

/* Begin PBXProject section */
		81A0E7111C33C87B00E7884A /* Project object */ = {
			isa = PBXProject;
			attributes = {
				LastSwiftUpdateCheck = 0720;
				LastUpgradeCheck = 0720;
				ORGANIZATIONNAME = GaoLianjing;
				TargetAttributes = {
					81A0E7181C33C87B00E7884A = {
						CreatedOnToolsVersion = 7.2;
						DevelopmentTeam = KH5XLUDBU8;
					};
					81A0E72F1C33C87B00E7884A = {
						CreatedOnToolsVersion = 7.2;
						DevelopmentTeam = KH5XLUDBU8;
						TestTargetID = 81A0E7181C33C87B00E7884A;
					};
					81A0E73A1C33C87B00E7884A = {
						CreatedOnToolsVersion = 7.2;
						DevelopmentTeam = KH5XLUDBU8;
						TestTargetID = 81A0E7181C33C87B00E7884A;
					};
				};
			};
			buildConfigurationList = 81A0E7141C33C87B00E7884A /* Build configuration list for PBXProject "iOSCoreDataSample" */;
			compatibilityVersion = "Xcode 3.2";
			developmentRegion = English;
			hasScannedForEncodings = 0;
			knownRegions = (
				en,
				Base,
			);
			mainGroup = 81A0E7101C33C87B00E7884A;
			productRefGroup = 81A0E71A1C33C87B00E7884A /* Products */;
			projectDirPath = "";
			projectRoot = "";
			targets = (
				81A0E7181C33C87B00E7884A /* iOSCoreDataSample */,
				81A0E72F1C33C87B00E7884A /* iOSCoreDataSampleTests */,
				81A0E73A1C33C87B00E7884A /* iOSCoreDataSampleUITests */,
			);
		};
/* End PBXProject section */

/* Begin PBXResourcesBuildPhase section */
		81A0E7171C33C87B00E7884A /* Resources */ = {
			isa = PBXResourcesBuildPhase;
			buildActionMask = 2147483647;
			files = (
				81A0E7271C33C87B00E7884A /* Assets.xcassets in Resources */,
				81A0E7221C33C87B00E7884A /* Main.storyboard in Resources */,
			);
			runOnlyForDeploymentPostprocessing = 0;
		};
		81A0E72E1C33C87B00E7884A /* Resources */ = {
			isa = PBXResourcesBuildPhase;
			buildActionMask = 2147483647;
			files = (
			);
			runOnlyForDeploymentPostprocessing = 0;
		};
		81A0E7391C33C87B00E7884A /* Resources */ = {
			isa = PBXResourcesBuildPhase;
			buildActionMask = 2147483647;
			files = (
			);
			runOnlyForDeploymentPostprocessing = 0;
		};
/* End PBXResourcesBuildPhase section */

/* Begin PBXSourcesBuildPhase section */
		81A0E7151C33C87B00E7884A /* Sources */ = {
			isa = PBXSourcesBuildPhase;
			buildActionMask = 2147483647;
			files = (
				81A0E71F1C33C87B00E7884A /* ViewController.swift in Sources */,
				81A0E71D1C33C87B00E7884A /* AppDelegate.swift in Sources */,
				81A0E7251C33C87B00E7884A /* iOSCoreDataSample.xcdatamodeld in Sources */,
			);
			runOnlyForDeploymentPostprocessing = 0;
		};
		81A0E72C1C33C87B00E7884A /* Sources */ = {
			isa = PBXSourcesBuildPhase;
			buildActionMask = 2147483647;
			files = (
				81A0E7351C33C87B00E7884A /* iOSCoreDataSampleTests.swift in Sources */,
			);
			runOnlyForDeploymentPostprocessing = 0;
		};
		81A0E7371C33C87B00E7884A /* Sources */ = {
			isa = PBXSourcesBuildPhase;
			buildActionMask = 2147483647;
			files = (
				81A0E7401C33C87B00E7884A /* iOSCoreDataSampleUITests.swift in Sources */,
			);
			runOnlyForDeploymentPostprocessing = 0;
		};
/* End PBXSourcesBuildPhase section */

/* Begin PBXTargetDependency section */
		81A0E7321C33C87B00E7884A /* PBXTargetDependency */ = {
			isa = PBXTargetDependency;
			target = 81A0E7181C33C87B00E7884A /* iOSCoreDataSample */;
			targetProxy = 81A0E7311C33C87B00E7884A /* PBXContainerItemProxy */;
		};
		81A0E73D1C33C87B00E7884A /* PBXTargetDependency */ = {
			isa = PBXTargetDependency;
			target = 81A0E7181C33C87B00E7884A /* iOSCoreDataSample */;
			targetProxy = 81A0E73C1C33C87B00E7884A /* PBXContainerItemProxy */;
		};
/* End PBXTargetDependency section */

/* Begin PBXVariantGroup section */
		81A0E7201C33C87B00E7884A /* Main.storyboard */ = {
			isa = PBXVariantGroup;
			children = (
				81A0E7211C33C87B00E7884A /* Base */,
			);
			name = Main.storyboard;
			sourceTree = "<group>";
		};
/* End PBXVariantGroup section */

/* Begin XCBuildConfiguration section */
		81A0E7421C33C87B00E7884A /* Debug */ = {
			isa = XCBuildConfiguration;
			buildSettings = {
				ALWAYS_SEARCH_USER_PATHS = NO;
				CLANG_CXX_LANGUAGE_STANDARD = "gnu++0x";
				CLANG_CXX_LIBRARY = "libc++";
				CLANG_ENABLE_MODULES = YES;
				CLANG_ENABLE_OBJC_ARC = YES;
				CLANG_WARN_BOOL_CONVERSION = YES;
				CLANG_WARN_CONSTANT_CONVERSION = YES;
				CLANG_WARN_DIRECT_OBJC_ISA_USAGE = YES_ERROR;
				CLANG_WARN_EMPTY_BODY = YES;
				CLANG_WARN_ENUM_CONVERSION = YES;
				CLANG_WARN_INT_CONVERSION = YES;
				CLANG_WARN_OBJC_ROOT_CLASS = YES_ERROR;
				CLANG_WARN_UNREACHABLE_CODE = YES;
				CLANG_WARN__DUPLICATE_METHOD_MATCH = YES;
				"CODE_SIGN_IDENTITY[sdk=iphoneos*]" = "iPhone Developer";
				COPY_PHASE_STRIP = NO;
				DEBUG_INFORMATION_FORMAT = dwarf;
				ENABLE_STRICT_OBJC_MSGSEND = YES;
				ENABLE_TESTABILITY = YES;
				GCC_C_LANGUAGE_STANDARD = gnu99;
				GCC_DYNAMIC_NO_PIC = NO;
				GCC_NO_COMMON_BLOCKS = YES;
				GCC_OPTIMIZATION_LEVEL = 0;
				GCC_PREPROCESSOR_DEFINITIONS = (
					"DEBUG=1",
					"$(inherited)",
				);
				GCC_WARN_64_TO_32_BIT_CONVERSION = YES;
				GCC_WARN_ABOUT_RETURN_TYPE = YES_ERROR;
				GCC_WARN_UNDECLARED_SELECTOR = YES;
				GCC_WARN_UNINITIALIZED_AUTOS = YES_AGGRESSIVE;
				GCC_WARN_UNUSED_FUNCTION = YES;
				GCC_WARN_UNUSED_VARIABLE = YES;
				IPHONEOS_DEPLOYMENT_TARGET = 9.2;
				MTL_ENABLE_DEBUG_INFO = YES;
				ONLY_ACTIVE_ARCH = YES;
				SDKROOT = iphoneos;
				SWIFT_OPTIMIZATION_LEVEL = "-Onone";
			};
			name = Debug;
		};
		81A0E7431C33C87B00E7884A /* Release */ = {
			isa = XCBuildConfiguration;
			buildSettings = {
				ALWAYS_SEARCH_USER_PATHS = NO;
				CLANG_CXX_LANGUAGE_STANDARD = "gnu++0x";
				CLANG_CXX_LIBRARY = "libc++";
				CLANG_ENABLE_MODULES = YES;
				CLANG_ENABLE_OBJC_ARC = YES;
				CLANG_WARN_BOOL_CONVERSION = YES;
				CLANG_WARN_CONSTANT_CONVERSION = YES;
				CLANG_WARN_DIRECT_OBJC_ISA_USAGE = YES_ERROR;
				CLANG_WARN_EMPTY_BODY = YES;
				CLANG_WARN_ENUM_CONVERSION = YES;
				CLANG_WARN_INT_CONVERSION = YES;
				CLANG_WARN_OBJC_ROOT_CLASS = YES_ERROR;
				CLANG_WARN_UNREACHABLE_CODE = YES;
				CLANG_WARN__DUPLICATE_METHOD_MATCH = YES;
				"CODE_SIGN_IDENTITY[sdk=iphoneos*]" = "iPhone Developer";
				COPY_PHASE_STRIP = NO;
				DEBUG_INFORMATION_FORMAT = "dwarf-with-dsym";
				ENABLE_NS_ASSERTIONS = NO;
				ENABLE_STRICT_OBJC_MSGSEND = YES;
				GCC_C_LANGUAGE_STANDARD = gnu99;
				GCC_NO_COMMON_BLOCKS = YES;
				GCC_WARN_64_TO_32_BIT_CONVERSION = YES;
				GCC_WARN_ABOUT_RETURN_TYPE = YES_ERROR;
				GCC_WARN_UNDECLARED_SELECTOR = YES;
				GCC_WARN_UNINITIALIZED_AUTOS = YES_AGGRESSIVE;
				GCC_WARN_UNUSED_FUNCTION = YES;
				GCC_WARN_UNUSED_VARIABLE = YES;
				IPHONEOS_DEPLOYMENT_TARGET = 9.2;
				MTL_ENABLE_DEBUG_INFO = NO;
				SDKROOT = iphoneos;
				VALIDATE_PRODUCT = YES;
			};
			name = Release;
		};
		81A0E7451C33C87B00E7884A /* Debug */ = {
			isa = XCBuildConfiguration;
			buildSettings = {
				ASSETCATALOG_COMPILER_APPICON_NAME = AppIcon;
				INFOPLIST_FILE = iOSCoreDataSample/Info.plist;
				LD_RUNPATH_SEARCH_PATHS = "$(inherited) @executable_path/Frameworks";
				PRODUCT_BUNDLE_IDENTIFIER = GaoLianjing.iOSCoreDataSample;
				PRODUCT_NAME = "$(TARGET_NAME)";
			};
			name = Debug;
		};
		81A0E7461C33C87B00E7884A /* Release */ = {
			isa = XCBuildConfiguration;
			buildSettings = {
				ASSETCATALOG_COMPILER_APPICON_NAME = AppIcon;
				INFOPLIST_FILE = iOSCoreDataSample/Info.plist;
				LD_RUNPATH_SEARCH_PATHS = "$(inherited) @executable_path/Frameworks";
				PRODUCT_BUNDLE_IDENTIFIER = GaoLianjing.iOSCoreDataSample;
				PRODUCT_NAME = "$(TARGET_NAME)";
			};
			name = Release;
		};
		81A0E7481C33C87B00E7884A /* Debug */ = {
			isa = XCBuildConfiguration;
			buildSettings = {
				BUNDLE_LOADER = "$(TEST_HOST)";
				INFOPLIST_FILE = iOSCoreDataSampleTests/Info.plist;
				LD_RUNPATH_SEARCH_PATHS = "$(inherited) @executable_path/Frameworks @loader_path/Frameworks";
				PRODUCT_BUNDLE_IDENTIFIER = GaoLianjing.iOSCoreDataSampleTests;
				PRODUCT_NAME = "$(TARGET_NAME)";
				TEST_HOST = "$(BUILT_PRODUCTS_DIR)/iOSCoreDataSample.app/iOSCoreDataSample";
			};
			name = Debug;
		};
		81A0E7491C33C87B00E7884A /* Release */ = {
			isa = XCBuildConfiguration;
			buildSettings = {
				BUNDLE_LOADER = "$(TEST_HOST)";
				INFOPLIST_FILE = iOSCoreDataSampleTests/Info.plist;
				LD_RUNPATH_SEARCH_PATHS = "$(inherited) @executable_path/Frameworks @loader_path/Frameworks";
				PRODUCT_BUNDLE_IDENTIFIER = GaoLianjing.iOSCoreDataSampleTests;
				PRODUCT_NAME = "$(TARGET_NAME)";
				TEST_HOST = "$(BUILT_PRODUCTS_DIR)/iOSCoreDataSample.app/iOSCoreDataSample";
			};
			name = Release;
		};
		81A0E74B1C33C87B00E7884A /* Debug */ = {
			isa = XCBuildConfiguration;
			buildSettings = {
				INFOPLIST_FILE = iOSCoreDataSampleUITests/Info.plist;
				LD_RUNPATH_SEARCH_PATHS = "$(inherited) @executable_path/Frameworks @loader_path/Frameworks";
				PRODUCT_BUNDLE_IDENTIFIER = GaoLianjing.iOSCoreDataSampleUITests;
				PRODUCT_NAME = "$(TARGET_NAME)";
				TEST_TARGET_NAME = iOSCoreDataSample;
				USES_XCTRUNNER = YES;
			};
			name = Debug;
		};
		81A0E74C1C33C87B00E7884A /* Release */ = {
			isa = XCBuildConfiguration;
			buildSettings = {
				INFOPLIST_FILE = iOSCoreDataSampleUITests/Info.plist;
				LD_RUNPATH_SEARCH_PATHS = "$(inherited) @executable_path/Frameworks @loader_path/Frameworks";
				PRODUCT_BUNDLE_IDENTIFIER = GaoLianjing.iOSCoreDataSampleUITests;
				PRODUCT_NAME = "$(TARGET_NAME)";
				TEST_TARGET_NAME = iOSCoreDataSample;
				USES_XCTRUNNER = YES;
			};
			name = Release;
		};
/* End XCBuildConfiguration section */

/* Begin XCConfigurationList section */
		81A0E7141C33C87B00E7884A /* Build configuration list for PBXProject "iOSCoreDataSample" */ = {
			isa = XCConfigurationList;
			buildConfigurations = (
				81A0E7421C33C87B00E7884A /* Debug */,
				81A0E7431C33C87B00E7884A /* Release */,
			);
			defaultConfigurationIsVisible = 0;
			defaultConfigurationName = Release;
		};
		81A0E7441C33C87B00E7884A /* Build configuration list for PBXNativeTarget "iOSCoreDataSample" */ = {
			isa = XCConfigurationList;
			buildConfigurations = (
				81A0E7451C33C87B00E7884A /* Debug */,
				81A0E7461C33C87B00E7884A /* Release */,
			);
			defaultConfigurationIsVisible = 0;
			defaultConfigurationName = Release;
		};
		81A0E7471C33C87B00E7884A /* Build configuration list for PBXNativeTarget "iOSCoreDataSampleTests" */ = {
			isa = XCConfigurationList;
			buildConfigurations = (
				81A0E7481C33C87B00E7884A /* Debug */,
				81A0E7491C33C87B00E7884A /* Release */,
			);
			defaultConfigurationIsVisible = 0;
			defaultConfigurationName = Release;
		};
		81A0E74A1C33C87B00E7884A /* Build configuration list for PBXNativeTarget "iOSCoreDataSampleUITests" */ = {
			isa = XCConfigurationList;
			buildConfigurations = (
				81A0E74B1C33C87B00E7884A /* Debug */,
				81A0E74C1C33C87B00E7884A /* Release */,
			);
			defaultConfigurationIsVisible = 0;
			defaultConfigurationName = Release;
		};
/* End XCConfigurationList section */

/* Begin XCVersionGroup section */
		81A0E7231C33C87B00E7884A /* iOSCoreDataSample.xcdatamodeld */ = {
			isa = XCVersionGroup;
			children = (
				81A0E7241C33C87B00E7884A /* iOSCoreDataSample.xcdatamodel */,
			);
			currentVersion = 81A0E7241C33C87B00E7884A /* iOSCoreDataSample.xcdatamodel */;
			path = iOSCoreDataSample.xcdatamodeld;
			sourceTree = "<group>";
			versionGroupType = wrapper.xcdatamodel;
		};
/* End XCVersionGroup section */
	};
	rootObject = 81A0E7111C33C87B00E7884A /* Project object */;
}
